// !$*UTF8*$!
{
	archiveVersion = 1;
	classes = {
	};
	objectVersion = 50;
	objects = {

/* Begin PBXBuildFile section */
		A846A9E223924B9E00C2CF13 /* AppDelegate.swift in Sources */ = {isa = PBXBuildFile; fileRef = A846A9E123924B9E00C2CF13 /* AppDelegate.swift */; };
		A846A9E423924B9E00C2CF13 /* SceneDelegate.swift in Sources */ = {isa = PBXBuildFile; fileRef = A846A9E323924B9E00C2CF13 /* SceneDelegate.swift */; };
		A846A9E623924B9E00C2CF13 /* ViewController.swift in Sources */ = {isa = PBXBuildFile; fileRef = A846A9E523924B9E00C2CF13 /* ViewController.swift */; };
		A846A9E923924B9E00C2CF13 /* Main.storyboard in Resources */ = {isa = PBXBuildFile; fileRef = A846A9E723924B9E00C2CF13 /* Main.storyboard */; };
		A846A9EB23924B9F00C2CF13 /* Assets.xcassets in Resources */ = {isa = PBXBuildFile; fileRef = A846A9EA23924B9F00C2CF13 /* Assets.xcassets */; };
		A846A9EE23924B9F00C2CF13 /* LaunchScreen.storyboard in Resources */ = {isa = PBXBuildFile; fileRef = A846A9EC23924B9F00C2CF13 /* LaunchScreen.storyboard */; };
		A846A9F923924E7C00C2CF13 /* ImdbService.swift in Sources */ = {isa = PBXBuildFile; fileRef = A846A9F823924E7C00C2CF13 /* ImdbService.swift */; };
		A846A9FD23924F5A00C2CF13 /* ImdbRepo.swift in Sources */ = {isa = PBXBuildFile; fileRef = A846A9FC23924F5A00C2CF13 /* ImdbRepo.swift */; };
		A846AA002392504700C2CF13 /* HotListItem.swift in Sources */ = {isa = PBXBuildFile; fileRef = A846A9FF2392504700C2CF13 /* HotListItem.swift */; };
		A846AA022392509E00C2CF13 /* MoviePoster.swift in Sources */ = {isa = PBXBuildFile; fileRef = A846AA012392509E00C2CF13 /* MoviePoster.swift */; };
		A846AA05239251F400C2CF13 /* ImdbHotList.swift in Sources */ = {isa = PBXBuildFile; fileRef = A846AA04239251F400C2CF13 /* ImdbHotList.swift */; };
		A846AA07239254F000C2CF13 /* JsonP.swift in Sources */ = {isa = PBXBuildFile; fileRef = A846AA06239254F000C2CF13 /* JsonP.swift */; };
		A846AA09239336F900C2CF13 /* ImdbImageResizer.swift in Sources */ = {isa = PBXBuildFile; fileRef = A846AA08239336F900C2CF13 /* ImdbImageResizer.swift */; };
/* End PBXBuildFile section */

/* Begin PBXFileReference section */
		A846A9DE23924B9E00C2CF13 /* kgbmdv1.app */ = {isa = PBXFileReference; explicitFileType = wrapper.application; includeInIndex = 0; path = kgbmdv1.app; sourceTree = BUILT_PRODUCTS_DIR; };
		A846A9E123924B9E00C2CF13 /* AppDelegate.swift */ = {isa = PBXFileReference; lastKnownFileType = sourcecode.swift; path = AppDelegate.swift; sourceTree = "<group>"; };
		A846A9E323924B9E00C2CF13 /* SceneDelegate.swift */ = {isa = PBXFileReference; lastKnownFileType = sourcecode.swift; path = SceneDelegate.swift; sourceTree = "<group>"; };
		A846A9E523924B9E00C2CF13 /* ViewController.swift */ = {isa = PBXFileReference; lastKnownFileType = sourcecode.swift; path = ViewController.swift; sourceTree = "<group>"; };
		A846A9E823924B9E00C2CF13 /* Base */ = {isa = PBXFileReference; lastKnownFileType = file.storyboard; name = Base; path = Base.lproj/Main.storyboard; sourceTree = "<group>"; };
		A846A9EA23924B9F00C2CF13 /* Assets.xcassets */ = {isa = PBXFileReference; lastKnownFileType = folder.assetcatalog; path = Assets.xcassets; sourceTree = "<group>"; };
		A846A9ED23924B9F00C2CF13 /* Base */ = {isa = PBXFileReference; lastKnownFileType = file.storyboard; name = Base; path = Base.lproj/LaunchScreen.storyboard; sourceTree = "<group>"; };
		A846A9EF23924B9F00C2CF13 /* Info.plist */ = {isa = PBXFileReference; lastKnownFileType = text.plist.xml; path = Info.plist; sourceTree = "<group>"; };
		A846A9F823924E7C00C2CF13 /* ImdbService.swift */ = {isa = PBXFileReference; lastKnownFileType = sourcecode.swift; path = ImdbService.swift; sourceTree = "<group>"; };
		A846A9FC23924F5A00C2CF13 /* ImdbRepo.swift */ = {isa = PBXFileReference; lastKnownFileType = sourcecode.swift; path = ImdbRepo.swift; sourceTree = "<group>"; };
		A846A9FF2392504700C2CF13 /* HotListItem.swift */ = {isa = PBXFileReference; lastKnownFileType = sourcecode.swift; path = HotListItem.swift; sourceTree = "<group>"; };
		A846AA012392509E00C2CF13 /* MoviePoster.swift */ = {isa = PBXFileReference; lastKnownFileType = sourcecode.swift; path = MoviePoster.swift; sourceTree = "<group>"; };
		A846AA04239251F400C2CF13 /* ImdbHotList.swift */ = {isa = PBXFileReference; lastKnownFileType = sourcecode.swift; path = ImdbHotList.swift; sourceTree = "<group>"; };
		A846AA06239254F000C2CF13 /* JsonP.swift */ = {isa = PBXFileReference; lastKnownFileType = sourcecode.swift; path = JsonP.swift; sourceTree = "<group>"; };
		A846AA08239336F900C2CF13 /* ImdbImageResizer.swift */ = {isa = PBXFileReference; lastKnownFileType = sourcecode.swift; path = ImdbImageResizer.swift; sourceTree = "<group>"; };
/* End PBXFileReference section */

/* Begin PBXFrameworksBuildPhase section */
		A846A9DB23924B9E00C2CF13 /* Frameworks */ = {
			isa = PBXFrameworksBuildPhase;
			buildActionMask = 2147483647;
			files = (
			);
			runOnlyForDeploymentPostprocessing = 0;
		};
/* End PBXFrameworksBuildPhase section */

/* Begin PBXGroup section */
		A846A9D523924B9E00C2CF13 = {
			isa = PBXGroup;
			children = (
				A846A9E023924B9E00C2CF13 /* kgbmdv1 */,
				A846A9DF23924B9E00C2CF13 /* Products */,
			);
			sourceTree = "<group>";
		};
		A846A9DF23924B9E00C2CF13 /* Products */ = {
			isa = PBXGroup;
			children = (
				A846A9DE23924B9E00C2CF13 /* kgbmdv1.app */,
			);
			name = Products;
			sourceTree = "<group>";
		};
		A846A9E023924B9E00C2CF13 /* kgbmdv1 */ = {
			isa = PBXGroup;
			children = (
				A846A9F523924E4D00C2CF13 /* Data */,
				A846A9FA23924F2A00C2CF13 /* Domain */,
				A846A9E123924B9E00C2CF13 /* AppDelegate.swift */,
				A846A9E323924B9E00C2CF13 /* SceneDelegate.swift */,
				A846A9E523924B9E00C2CF13 /* ViewController.swift */,
				A846A9E723924B9E00C2CF13 /* Main.storyboard */,
				A846A9EA23924B9F00C2CF13 /* Assets.xcassets */,
				A846A9EC23924B9F00C2CF13 /* LaunchScreen.storyboard */,
				A846A9EF23924B9F00C2CF13 /* Info.plist */,
			);
			path = kgbmdv1;
			sourceTree = "<group>";
		};
		A846A9F523924E4D00C2CF13 /* Data */ = {
			isa = PBXGroup;
			children = (
				A846A9F623924E5C00C2CF13 /* Imdb */,
			);
			path = Data;
			sourceTree = "<group>";
		};
		A846A9F623924E5C00C2CF13 /* Imdb */ = {
			isa = PBXGroup;
			children = (
				A846A9F823924E7C00C2CF13 /* ImdbService.swift */,
			);
			path = Imdb;
			sourceTree = "<group>";
		};
		A846A9FA23924F2A00C2CF13 /* Domain */ = {
			isa = PBXGroup;
			children = (
				A846A9FE2392503C00C2CF13 /* Model */,
				A846AA03239251E600C2CF13 /* Operation */,
				A846A9FB23924F3100C2CF13 /* Repo */,
			);
			path = Domain;
			sourceTree = "<group>";
		};
		A846A9FB23924F3100C2CF13 /* Repo */ = {
			isa = PBXGroup;
			children = (
				A846A9FC23924F5A00C2CF13 /* ImdbRepo.swift */,
			);
			path = Repo;
			sourceTree = "<group>";
		};
		A846A9FE2392503C00C2CF13 /* Model */ = {
			isa = PBXGroup;
			children = (
				A846A9FF2392504700C2CF13 /* HotListItem.swift */,
				A846AA012392509E00C2CF13 /* MoviePoster.swift */,
			);
			path = Model;
			sourceTree = "<group>";
		};
		A846AA03239251E600C2CF13 /* Operation */ = {
			isa = PBXGroup;
			children = (
				A846AA04239251F400C2CF13 /* ImdbHotList.swift */,
				A846AA08239336F900C2CF13 /* ImdbImageResizer.swift */,
				A846AA06239254F000C2CF13 /* JsonP.swift */,
			);
			path = Operation;
			sourceTree = "<group>";
		};
/* End PBXGroup section */

/* Begin PBXNativeTarget section */
		A846A9DD23924B9E00C2CF13 /* kgbmdv1 */ = {
			isa = PBXNativeTarget;
			buildConfigurationList = A846A9F223924B9F00C2CF13 /* Build configuration list for PBXNativeTarget "kgbmdv1" */;
			buildPhases = (
				A846A9DA23924B9E00C2CF13 /* Sources */,
				A846A9DB23924B9E00C2CF13 /* Frameworks */,
				A846A9DC23924B9E00C2CF13 /* Resources */,
			);
			buildRules = (
			);
			dependencies = (
			);
			name = kgbmdv1;
			productName = kgbmdv1;
			productReference = A846A9DE23924B9E00C2CF13 /* kgbmdv1.app */;
			productType = "com.apple.product-type.application";
		};
/* End PBXNativeTarget section */

/* Begin PBXProject section */
		A846A9D623924B9E00C2CF13 /* Project object */ = {
			isa = PBXProject;
			attributes = {
				LastSwiftUpdateCheck = 1120;
				LastUpgradeCheck = 1120;
				ORGANIZATIONNAME = "Konrad Biernacki";
				TargetAttributes = {
					A846A9DD23924B9E00C2CF13 = {
						CreatedOnToolsVersion = 11.2.1;
					};
				};
			};
			buildConfigurationList = A846A9D923924B9E00C2CF13 /* Build configuration list for PBXProject "kgbmdv1" */;
			compatibilityVersion = "Xcode 9.3";
			developmentRegion = en;
			hasScannedForEncodings = 0;
			knownRegions = (
				en,
				Base,
			);
			mainGroup = A846A9D523924B9E00C2CF13;
			productRefGroup = A846A9DF23924B9E00C2CF13 /* Products */;
			projectDirPath = "";
			projectRoot = "";
			targets = (
				A846A9DD23924B9E00C2CF13 /* kgbmdv1 */,
			);
		};
/* End PBXProject section */

/* Begin PBXResourcesBuildPhase section */
		A846A9DC23924B9E00C2CF13 /* Resources */ = {
			isa = PBXResourcesBuildPhase;
			buildActionMask = 2147483647;
			files = (
				A846A9EE23924B9F00C2CF13 /* LaunchScreen.storyboard in Resources */,
				A846A9EB23924B9F00C2CF13 /* Assets.xcassets in Resources */,
				A846A9E923924B9E00C2CF13 /* Main.storyboard in Resources */,
			);
			runOnlyForDeploymentPostprocessing = 0;
		};
/* End PBXResourcesBuildPhase section */

/* Begin PBXSourcesBuildPhase section */
		A846A9DA23924B9E00C2CF13 /* Sources */ = {
			isa = PBXSourcesBuildPhase;
			buildActionMask = 2147483647;
			files = (
				A846AA07239254F000C2CF13 /* JsonP.swift in Sources */,
				A846A9E623924B9E00C2CF13 /* ViewController.swift in Sources */,
				A846A9F923924E7C00C2CF13 /* ImdbService.swift in Sources */,
				A846AA002392504700C2CF13 /* HotListItem.swift in Sources */,
				A846A9E223924B9E00C2CF13 /* AppDelegate.swift in Sources */,
				A846AA022392509E00C2CF13 /* MoviePoster.swift in Sources */,
				A846AA09239336F900C2CF13 /* ImdbImageResizer.swift in Sources */,
				A846A9E423924B9E00C2CF13 /* SceneDelegate.swift in Sources */,
				A846A9FD23924F5A00C2CF13 /* ImdbRepo.swift in Sources */,
				A846AA05239251F400C2CF13 /* ImdbHotList.swift in Sources */,
			);
			runOnlyForDeploymentPostprocessing = 0;
		};
/* End PBXSourcesBuildPhase section */

/* Begin PBXVariantGroup section */
		A846A9E723924B9E00C2CF13 /* Main.storyboard */ = {
			isa = PBXVariantGroup;
			children = (
				A846A9E823924B9E00C2CF13 /* Base */,
			);
			name = Main.storyboard;
			sourceTree = "<group>";
		};
		A846A9EC23924B9F00C2CF13 /* LaunchScreen.storyboard */ = {
			isa = PBXVariantGroup;
			children = (
				A846A9ED23924B9F00C2CF13 /* Base */,
			);
			name = LaunchScreen.storyboard;
			sourceTree = "<group>";
		};
/* End PBXVariantGroup section */

/* Begin XCBuildConfiguration section */
		A846A9F023924B9F00C2CF13 /* Debug */ = {
			isa = XCBuildConfiguration;
			buildSettings = {
				ALWAYS_SEARCH_USER_PATHS = NO;
				CLANG_ANALYZER_NONNULL = YES;
				CLANG_ANALYZER_NUMBER_OBJECT_CONVERSION = YES_AGGRESSIVE;
				CLANG_CXX_LANGUAGE_STANDARD = "gnu++14";
				CLANG_CXX_LIBRARY = "libc++";
				CLANG_ENABLE_MODULES = YES;
				CLANG_ENABLE_OBJC_ARC = YES;
				CLANG_ENABLE_OBJC_WEAK = YES;
				CLANG_WARN_BLOCK_CAPTURE_AUTORELEASING = YES;
				CLANG_WARN_BOOL_CONVERSION = YES;
				CLANG_WARN_COMMA = YES;
				CLANG_WARN_CONSTANT_CONVERSION = YES;
				CLANG_WARN_DEPRECATED_OBJC_IMPLEMENTATIONS = YES;
				CLANG_WARN_DIRECT_OBJC_ISA_USAGE = YES_ERROR;
				CLANG_WARN_DOCUMENTATION_COMMENTS = YES;
				CLANG_WARN_EMPTY_BODY = YES;
				CLANG_WARN_ENUM_CONVERSION = YES;
				CLANG_WARN_INFINITE_RECURSION = YES;
				CLANG_WARN_INT_CONVERSION = YES;
				CLANG_WARN_NON_LITERAL_NULL_CONVERSION = YES;
				CLANG_WARN_OBJC_IMPLICIT_RETAIN_SELF = YES;
				CLANG_WARN_OBJC_LITERAL_CONVERSION = YES;
				CLANG_WARN_OBJC_ROOT_CLASS = YES_ERROR;
				CLANG_WARN_RANGE_LOOP_ANALYSIS = YES;
				CLANG_WARN_STRICT_PROTOTYPES = YES;
				CLANG_WARN_SUSPICIOUS_MOVE = YES;
				CLANG_WARN_UNGUARDED_AVAILABILITY = YES_AGGRESSIVE;
				CLANG_WARN_UNREACHABLE_CODE = YES;
				CLANG_WARN__DUPLICATE_METHOD_MATCH = YES;
				COPY_PHASE_STRIP = NO;
				DEBUG_INFORMATION_FORMAT = dwarf;
				ENABLE_STRICT_OBJC_MSGSEND = YES;
				ENABLE_TESTABILITY = YES;
				GCC_C_LANGUAGE_STANDARD = gnu11;
				GCC_DYNAMIC_NO_PIC = NO;
				GCC_NO_COMMON_BLOCKS = YES;
				GCC_OPTIMIZATION_LEVEL = 0;
				GCC_PREPROCESSOR_DEFINITIONS = (
					"DEBUG=1",
					"$(inherited)",
				);
				GCC_WARN_64_TO_32_BIT_CONVERSION = YES;
				GCC_WARN_ABOUT_RETURN_TYPE = YES_ERROR;
				GCC_WARN_UNDECLARED_SELECTOR = YES;
				GCC_WARN_UNINITIALIZED_AUTOS = YES_AGGRESSIVE;
				GCC_WARN_UNUSED_FUNCTION = YES;
				GCC_WARN_UNUSED_VARIABLE = YES;
				IPHONEOS_DEPLOYMENT_TARGET = 13.2;
				MTL_ENABLE_DEBUG_INFO = INCLUDE_SOURCE;
				MTL_FAST_MATH = YES;
				ONLY_ACTIVE_ARCH = YES;
				SDKROOT = iphoneos;
				SWIFT_ACTIVE_COMPILATION_CONDITIONS = DEBUG;
				SWIFT_OPTIMIZATION_LEVEL = "-Onone";
			};
			name = Debug;
		};
		A846A9F123924B9F00C2CF13 /* Release */ = {
			isa = XCBuildConfiguration;
			buildSettings = {
				ALWAYS_SEARCH_USER_PATHS = NO;
				CLANG_ANALYZER_NONNULL = YES;
				CLANG_ANALYZER_NUMBER_OBJECT_CONVERSION = YES_AGGRESSIVE;
				CLANG_CXX_LANGUAGE_STANDARD = "gnu++14";
				CLANG_CXX_LIBRARY = "libc++";
				CLANG_ENABLE_MODULES = YES;
				CLANG_ENABLE_OBJC_ARC = YES;
				CLANG_ENABLE_OBJC_WEAK = YES;
				CLANG_WARN_BLOCK_CAPTURE_AUTORELEASING = YES;
				CLANG_WARN_BOOL_CONVERSION = YES;
				CLANG_WARN_COMMA = YES;
				CLANG_WARN_CONSTANT_CONVERSION = YES;
				CLANG_WARN_DEPRECATED_OBJC_IMPLEMENTATIONS = YES;
				CLANG_WARN_DIRECT_OBJC_ISA_USAGE = YES_ERROR;
				CLANG_WARN_DOCUMENTATION_COMMENTS = YES;
				CLANG_WARN_EMPTY_BODY = YES;
				CLANG_WARN_ENUM_CONVERSION = YES;
				CLANG_WARN_INFINITE_RECURSION = YES;
				CLANG_WARN_INT_CONVERSION = YES;
				CLANG_WARN_NON_LITERAL_NULL_CONVERSION = YES;
				CLANG_WARN_OBJC_IMPLICIT_RETAIN_SELF = YES;
				CLANG_WARN_OBJC_LITERAL_CONVERSION = YES;
				CLANG_WARN_OBJC_ROOT_CLASS = YES_ERROR;
				CLANG_WARN_RANGE_LOOP_ANALYSIS = YES;
				CLANG_WARN_STRICT_PROTOTYPES = YES;
				CLANG_WARN_SUSPICIOUS_MOVE = YES;
				CLANG_WARN_UNGUARDED_AVAILABILITY = YES_AGGRESSIVE;
				CLANG_WARN_UNREACHABLE_CODE = YES;
				CLANG_WARN__DUPLICATE_METHOD_MATCH = YES;
				COPY_PHASE_STRIP = NO;
				DEBUG_INFORMATION_FORMAT = "dwarf-with-dsym";
				ENABLE_NS_ASSERTIONS = NO;
				ENABLE_STRICT_OBJC_MSGSEND = YES;
				GCC_C_LANGUAGE_STANDARD = gnu11;
				GCC_NO_COMMON_BLOCKS = YES;
				GCC_WARN_64_TO_32_BIT_CONVERSION = YES;
				GCC_WARN_ABOUT_RETURN_TYPE = YES_ERROR;
				GCC_WARN_UNDECLARED_SELECTOR = YES;
				GCC_WARN_UNINITIALIZED_AUTOS = YES_AGGRESSIVE;
				GCC_WARN_UNUSED_FUNCTION = YES;
				GCC_WARN_UNUSED_VARIABLE = YES;
				IPHONEOS_DEPLOYMENT_TARGET = 13.2;
				MTL_ENABLE_DEBUG_INFO = NO;
				MTL_FAST_MATH = YES;
				SDKROOT = iphoneos;
				SWIFT_COMPILATION_MODE = wholemodule;
				SWIFT_OPTIMIZATION_LEVEL = "-O";
				VALIDATE_PRODUCT = YES;
			};
			name = Release;
		};
		A846A9F323924B9F00C2CF13 /* Debug */ = {
			isa = XCBuildConfiguration;
			buildSettings = {
				ASSETCATALOG_COMPILER_APPICON_NAME = AppIcon;
				CODE_SIGN_STYLE = Automatic;
				INFOPLIST_FILE = kgbmdv1/Info.plist;
				LD_RUNPATH_SEARCH_PATHS = (
					"$(inherited)",
					"@executable_path/Frameworks",
				);
				PRODUCT_BUNDLE_IDENTIFIER = com.kgbier.kgbmdv1;
				PRODUCT_NAME = "$(TARGET_NAME)";
				SWIFT_VERSION = 5.0;
				TARGETED_DEVICE_FAMILY = "1,2";
			};
			name = Debug;
		};
		A846A9F423924B9F00C2CF13 /* Release */ = {
			isa = XCBuildConfiguration;
			buildSettings = {
				ASSETCATALOG_COMPILER_APPICON_NAME = AppIcon;
				CODE_SIGN_STYLE = Automatic;
				INFOPLIST_FILE = kgbmdv1/Info.plist;
				LD_RUNPATH_SEARCH_PATHS = (
					"$(inherited)",
					"@executable_path/Frameworks",
				);
				PRODUCT_BUNDLE_IDENTIFIER = com.kgbier.kgbmdv1;
				PRODUCT_NAME = "$(TARGET_NAME)";
				SWIFT_VERSION = 5.0;
				TARGETED_DEVICE_FAMILY = "1,2";
			};
			name = Release;
		};
/* End XCBuildConfiguration section */

/* Begin XCConfigurationList section */
		A846A9D923924B9E00C2CF13 /* Build configuration list for PBXProject "kgbmdv1" */ = {
			isa = XCConfigurationList;
			buildConfigurations = (
				A846A9F023924B9F00C2CF13 /* Debug */,
				A846A9F123924B9F00C2CF13 /* Release */,
			);
			defaultConfigurationIsVisible = 0;
			defaultConfigurationName = Release;
		};
		A846A9F223924B9F00C2CF13 /* Build configuration list for PBXNativeTarget "kgbmdv1" */ = {
			isa = XCConfigurationList;
			buildConfigurations = (
				A846A9F323924B9F00C2CF13 /* Debug */,
				A846A9F423924B9F00C2CF13 /* Release */,
			);
			defaultConfigurationIsVisible = 0;
			defaultConfigurationName = Release;
		};
/* End XCConfigurationList section */
	};
	rootObject = A846A9D623924B9E00C2CF13 /* Project object */;
}
